
Microsoft Visual Studio Solution File, Format Version 12.00
# Visual Studio 15
VisualStudioVersion = 15.0.28307.168
MinimumVisualStudioVersion = 10.0.40219.1
Project("{FAE04EC0-301F-11D3-BF4B-00C04F79EFBC}") = "SocialLogin.Android", "SocialLogin\SocialLogin.Android\SocialLogin.Android.csproj", "{EFEBBE61-79DC-4BFE-B400-9E42D1E6A133}"
EndProject
Project("{FAE04EC0-301F-11D3-BF4B-00C04F79EFBC}") = "SocialLogin.iOS", "SocialLogin\SocialLogin.iOS\SocialLogin.iOS.csproj", "{20694527-8EF3-4017-8A21-02CFD32ABD05}"
EndProject
Project("{FAE04EC0-301F-11D3-BF4B-00C04F79EFBC}") = "SocialLogin", "SocialLogin\SocialLogin\SocialLogin.csproj", "{BC6ECBFF-E756-40D4-8D19-36843488B3C0}"
EndProject
Global
	GlobalSection(SolutionConfigurationPlatforms) = preSolution
		Ad-Hoc|Any CPU = Ad-Hoc|Any CPU
		Ad-Hoc|iPhone = Ad-Hoc|iPhone
		Ad-Hoc|iPhoneSimulator = Ad-Hoc|iPhoneSimulator
		AppStore|Any CPU = AppStore|Any CPU
		AppStore|iPhone = AppStore|iPhone
		AppStore|iPhoneSimulator = AppStore|iPhoneSimulator
		Debug|Any CPU = Debug|Any CPU
		Debug|iPhone = Debug|iPhone
		Debug|iPhoneSimulator = Debug|iPhoneSimulator
		Release|Any CPU = Release|Any CPU
		Release|iPhone = Release|iPhone
		Release|iPhoneSimulator = Release|iPhoneSimulator
	EndGlobalSection
	GlobalSection(ProjectConfigurationPlatforms) = postSolution
		{EFEBBE61-79DC-4BFE-B400-9E42D1E6A133}.Ad-Hoc|Any CPU.ActiveCfg = Release|Any CPU
		{EFEBBE61-79DC-4BFE-B400-9E42D1E6A133}.Ad-Hoc|Any CPU.Build.0 = Release|Any CPU
		{EFEBBE61-79DC-4BFE-B400-9E42D1E6A133}.Ad-Hoc|Any CPU.Deploy.0 = Release|Any CPU
		{EFEBBE61-79DC-4BFE-B400-9E42D1E6A133}.Ad-Hoc|iPhone.ActiveCfg = Release|Any CPU
		{EFEBBE61-79DC-4BFE-B400-9E42D1E6A133}.Ad-Hoc|iPhone.Build.0 = Release|Any CPU
		{EFEBBE61-79DC-4BFE-B400-9E42D1E6A133}.Ad-Hoc|iPhone.Deploy.0 = Release|Any CPU
		{EFEBBE61-79DC-4BFE-B400-9E42D1E6A133}.Ad-Hoc|iPhoneSimulator.ActiveCfg = Release|Any CPU
		{EFEBBE61-79DC-4BFE-B400-9E42D1E6A133}.Ad-Hoc|iPhoneSimulator.Build.0 = Release|Any CPU
		{EFEBBE61-79DC-4BFE-B400-9E42D1E6A133}.Ad-Hoc|iPhoneSimulator.Deploy.0 = Release|Any CPU
		{EFEBBE61-79DC-4BFE-B400-9E42D1E6A133}.AppStore|Any CPU.ActiveCfg = Release|Any CPU
		{EFEBBE61-79DC-4BFE-B400-9E42D1E6A133}.AppStore|Any CPU.Build.0 = Release|Any CPU
		{EFEBBE61-79DC-4BFE-B400-9E42D1E6A133}.AppStore|Any CPU.Deploy.0 = Release|Any CPU
		{EFEBBE61-79DC-4BFE-B400-9E42D1E6A133}.AppStore|iPhone.ActiveCfg = Release|Any CPU
		{EFEBBE61-79DC-4BFE-B400-9E42D1E6A133}.AppStore|iPhone.Build.0 = Release|Any CPU
		{EFEBBE61-79DC-4BFE-B400-9E42D1E6A133}.AppStore|iPhone.Deploy.0 = Release|Any CPU
		{EFEBBE61-79DC-4BFE-B400-9E42D1E6A133}.AppStore|iPhoneSimulator.ActiveCfg = Release|Any CPU
		{EFEBBE61-79DC-4BFE-B400-9E42D1E6A133}.AppStore|iPhoneSimulator.Build.0 = Release|Any CPU
		{EFEBBE61-79DC-4BFE-B400-9E42D1E6A133}.AppStore|iPhoneSimulator.Deploy.0 = Release|Any CPU
		{EFEBBE61-79DC-4BFE-B400-9E42D1E6A133}.Debug|Any CPU.ActiveCfg = Debug|Any CPU
		{EFEBBE61-79DC-4BFE-B400-9E42D1E6A133}.Debug|Any CPU.Build.0 = Debug|Any CPU
		{EFEBBE61-79DC-4BFE-B400-9E42D1E6A133}.Debug|Any CPU.Deploy.0 = Debug|Any CPU
		{EFEBBE61-79DC-4BFE-B400-9E42D1E6A133}.Debug|iPhone.ActiveCfg = Debug|Any CPU
		{EFEBBE61-79DC-4BFE-B400-9E42D1E6A133}.Debug|iPhone.Build.0 = Debug|Any CPU
		{EFEBBE61-79DC-4BFE-B400-9E42D1E6A133}.Debug|iPhone.Deploy.0 = Debug|Any CPU
		{EFEBBE61-79DC-4BFE-B400-9E42D1E6A133}.Debug|iPhoneSimulator.ActiveCfg = Debug|Any CPU
		{EFEBBE61-79DC-4BFE-B400-9E42D1E6A133}.Debug|iPhoneSimulator.Build.0 = Debug|Any CPU
		{EFEBBE61-79DC-4BFE-B400-9E42D1E6A133}.Debug|iPhoneSimulator.Deploy.0 = Debug|Any CPU
		{EFEBBE61-79DC-4BFE-B400-9E42D1E6A133}.Release|Any CPU.ActiveCfg = Release|Any CPU
		{EFEBBE61-79DC-4BFE-B400-9E42D1E6A133}.Release|Any CPU.Build.0 = Release|Any CPU
		{EFEBBE61-79DC-4BFE-B400-9E42D1E6A133}.Release|Any CPU.Deploy.0 = Release|Any CPU
		{EFEBBE61-79DC-4BFE-B400-9E42D1E6A133}.Release|iPhone.ActiveCfg = Release|Any CPU
		{EFEBBE61-79DC-4BFE-B400-9E42D1E6A133}.Release|iPhone.Build.0 = Release|Any CPU
		{EFEBBE61-79DC-4BFE-B400-9E42D1E6A133}.Release|iPhone.Deploy.0 = Release|Any CPU
		{EFEBBE61-79DC-4BFE-B400-9E42D1E6A133}.Release|iPhoneSimulator.ActiveCfg = Release|Any CPU
		{EFEBBE61-79DC-4BFE-B400-9E42D1E6A133}.Release|iPhoneSimulator.Build.0 = Release|Any CPU
		{EFEBBE61-79DC-4BFE-B400-9E42D1E6A133}.Release|iPhoneSimulator.Deploy.0 = Release|Any CPU
		{20694527-8EF3-4017-8A21-02CFD32ABD05}.Ad-Hoc|Any CPU.ActiveCfg = Ad-Hoc|iPhone
		{20694527-8EF3-4017-8A21-02CFD32ABD05}.Ad-Hoc|Any CPU.Build.0 = Ad-Hoc|iPhone
		{20694527-8EF3-4017-8A21-02CFD32ABD05}.Ad-Hoc|Any CPU.Deploy.0 = Ad-Hoc|iPhone
		{20694527-8EF3-4017-8A21-02CFD32ABD05}.Ad-Hoc|iPhone.ActiveCfg = Ad-Hoc|iPhone
		{20694527-8EF3-4017-8A21-02CFD32ABD05}.Ad-Hoc|iPhone.Build.0 = Ad-Hoc|iPhone
		{20694527-8EF3-4017-8A21-02CFD32ABD05}.Ad-Hoc|iPhone.Deploy.0 = Ad-Hoc|iPhone
		{20694527-8EF3-4017-8A21-02CFD32ABD05}.Ad-Hoc|iPhoneSimulator.ActiveCfg = Ad-Hoc|iPhoneSimulator
		{20694527-8EF3-4017-8A21-02CFD32ABD05}.Ad-Hoc|iPhoneSimulator.Build.0 = Ad-Hoc|iPhoneSimulator
		{20694527-8EF3-4017-8A21-02CFD32ABD05}.Ad-Hoc|iPhoneSimulator.Deploy.0 = Ad-Hoc|iPhoneSimulator
		{20694527-8EF3-4017-8A21-02CFD32ABD05}.AppStore|Any CPU.ActiveCfg = AppStore|iPhone
		{20694527-8EF3-4017-8A21-02CFD32ABD05}.AppStore|Any CPU.Build.0 = AppStore|iPhone
		{20694527-8EF3-4017-8A21-02CFD32ABD05}.AppStore|Any CPU.Deploy.0 = AppStore|iPhone
		{20694527-8EF3-4017-8A21-02CFD32ABD05}.AppStore|iPhone.ActiveCfg = AppStore|iPhone
		{20694527-8EF3-4017-8A21-02CFD32ABD05}.AppStore|iPhone.Build.0 = AppStore|iPhone
		{20694527-8EF3-4017-8A21-02CFD32ABD05}.AppStore|iPhone.Deploy.0 = AppStore|iPhone
		{20694527-8EF3-4017-8A21-02CFD32ABD05}.AppStore|iPhoneSimulator.ActiveCfg = AppStore|iPhoneSimulator
		{20694527-8EF3-4017-8A21-02CFD32ABD05}.AppStore|iPhoneSimulator.Build.0 = AppStore|iPhoneSimulator
		{20694527-8EF3-4017-8A21-02CFD32ABD05}.AppStore|iPhoneSimulator.Deploy.0 = AppStore|iPhoneSimulator
		{20694527-8EF3-4017-8A21-02CFD32ABD05}.Debug|Any CPU.ActiveCfg = Debug|iPhoneSimulator
		{20694527-8EF3-4017-8A21-02CFD32ABD05}.Debug|Any CPU.Build.0 = Debug|iPhoneSimulator
		{20694527-8EF3-4017-8A21-02CFD32ABD05}.Debug|Any CPU.Deploy.0 = Debug|iPhoneSimulator
		{20694527-8EF3-4017-8A21-02CFD32ABD05}.Debug|iPhone.ActiveCfg = Debug|iPhone
		{20694527-8EF3-4017-8A21-02CFD32ABD05}.Debug|iPhone.Build.0 = Debug|iPhone
		{20694527-8EF3-4017-8A21-02CFD32ABD05}.Debug|iPhone.Deploy.0 = Debug|iPhone
		{20694527-8EF3-4017-8A21-02CFD32ABD05}.Debug|iPhoneSimulator.ActiveCfg = Debug|iPhoneSimulator
		{20694527-8EF3-4017-8A21-02CFD32ABD05}.Debug|iPhoneSimulator.Build.0 = Debug|iPhoneSimulator
		{20694527-8EF3-4017-8A21-02CFD32ABD05}.Debug|iPhoneSimulator.Deploy.0 = Debug|iPhoneSimulator
		{20694527-8EF3-4017-8A21-02CFD32ABD05}.Release|Any CPU.ActiveCfg = Release|iPhone
		{20694527-8EF3-4017-8A21-02CFD32ABD05}.Release|Any CPU.Build.0 = Release|iPhone
		{20694527-8EF3-4017-8A21-02CFD32ABD05}.Release|Any CPU.Deploy.0 = Release|iPhone
		{20694527-8EF3-4017-8A21-02CFD32ABD05}.Release|iPhone.ActiveCfg = Release|iPhone
		{20694527-8EF3-4017-8A21-02CFD32ABD05}.Release|iPhone.Build.0 = Release|iPhone
		{20694527-8EF3-4017-8A21-02CFD32ABD05}.Release|iPhone.Deploy.0 = Release|iPhone
		{20694527-8EF3-4017-8A21-02CFD32ABD05}.Release|iPhoneSimulator.ActiveCfg = Release|iPhoneSimulator
		{20694527-8EF3-4017-8A21-02CFD32ABD05}.Release|iPhoneSimulator.Build.0 = Release|iPhoneSimulator
		{20694527-8EF3-4017-8A21-02CFD32ABD05}.Release|iPhoneSimulator.Deploy.0 = Release|iPhoneSimulator
		{BC6ECBFF-E756-40D4-8D19-36843488B3C0}.Ad-Hoc|Any CPU.ActiveCfg = Debug|Any CPU
		{BC6ECBFF-E756-40D4-8D19-36843488B3C0}.Ad-Hoc|Any CPU.Build.0 = Debug|Any CPU
		{BC6ECBFF-E756-40D4-8D19-36843488B3C0}.Ad-Hoc|Any CPU.Deploy.0 = Debug|Any CPU
		{BC6ECBFF-E756-40D4-8D19-36843488B3C0}.Ad-Hoc|iPhone.ActiveCfg = Debug|Any CPU
		{BC6ECBFF-E756-40D4-8D19-36843488B3C0}.Ad-Hoc|iPhone.Build.0 = Debug|Any CPU
		{BC6ECBFF-E756-40D4-8D19-36843488B3C0}.Ad-Hoc|iPhone.Deploy.0 = Debug|Any CPU
		{BC6ECBFF-E756-40D4-8D19-36843488B3C0}.Ad-Hoc|iPhoneSimulator.ActiveCfg = Debug|Any CPU
		{BC6ECBFF-E756-40D4-8D19-36843488B3C0}.Ad-Hoc|iPhoneSimulator.Build.0 = Debug|Any CPU
		{BC6ECBFF-E756-40D4-8D19-36843488B3C0}.Ad-Hoc|iPhoneSimulator.Deploy.0 = Debug|Any CPU
		{BC6ECBFF-E756-40D4-8D19-36843488B3C0}.AppStore|Any CPU.ActiveCfg = Debug|Any CPU
		{BC6ECBFF-E756-40D4-8D19-36843488B3C0}.AppStore|Any CPU.Build.0 = Debug|Any CPU
		{BC6ECBFF-E756-40D4-8D19-36843488B3C0}.AppStore|Any CPU.Deploy.0 = Debug|Any CPU
		{BC6ECBFF-E756-40D4-8D19-36843488B3C0}.AppStore|iPhone.ActiveCfg = Debug|Any CPU
		{BC6ECBFF-E756-40D4-8D19-36843488B3C0}.AppStore|iPhone.Build.0 = Debug|Any CPU
		{BC6ECBFF-E756-40D4-8D19-36843488B3C0}.AppStore|iPhone.Deploy.0 = Debug|Any CPU
		{BC6ECBFF-E756-40D4-8D19-36843488B3C0}.AppStore|iPhoneSimulator.ActiveCfg = Debug|Any CPU
		{BC6ECBFF-E756-40D4-8D19-36843488B3C0}.AppStore|iPhoneSimulator.Build.0 = Debug|Any CPU
		{BC6ECBFF-E756-40D4-8D19-36843488B3C0}.AppStore|iPhoneSimulator.Deploy.0 = Debug|Any CPU
		{BC6ECBFF-E756-40D4-8D19-36843488B3C0}.Debug|Any CPU.ActiveCfg = Debug|Any CPU
		{BC6ECBFF-E756-40D4-8D19-36843488B3C0}.Debug|Any CPU.Build.0 = Debug|Any CPU
		{BC6ECBFF-E756-40D4-8D19-36843488B3C0}.Debug|Any CPU.Deploy.0 = Debug|Any CPU
		{BC6ECBFF-E756-40D4-8D19-36843488B3C0}.Debug|iPhone.ActiveCfg = Debug|Any CPU
		{BC6ECBFF-E756-40D4-8D19-36843488B3C0}.Debug|iPhone.Build.0 = Debug|Any CPU
		{BC6ECBFF-E756-40D4-8D19-36843488B3C0}.Debug|iPhone.Deploy.0 = Debug|Any CPU
		{BC6ECBFF-E756-40D4-8D19-36843488B3C0}.Debug|iPhoneSimulator.ActiveCfg = Debug|Any CPU
		{BC6ECBFF-E756-40D4-8D19-36843488B3C0}.Debug|iPhoneSimulator.Build.0 = Debug|Any CPU
		{BC6ECBFF-E756-40D4-8D19-36843488B3C0}.Debug|iPhoneSimulator.Deploy.0 = Debug|Any CPU
		{BC6ECBFF-E756-40D4-8D19-36843488B3C0}.Release|Any CPU.ActiveCfg = Release|Any CPU
		{BC6ECBFF-E756-40D4-8D19-36843488B3C0}.Release|Any CPU.Build.0 = Release|Any CPU
		{BC6ECBFF-E756-40D4-8D19-36843488B3C0}.Release|Any CPU.Deploy.0 = Release|Any CPU
		{BC6ECBFF-E756-40D4-8D19-36843488B3C0}.Release|iPhone.ActiveCfg = Release|Any CPU
		{BC6ECBFF-E756-40D4-8D19-36843488B3C0}.Release|iPhone.Build.0 = Release|Any CPU
		{BC6ECBFF-E756-40D4-8D19-36843488B3C0}.Release|iPhone.Deploy.0 = Release|Any CPU
		{BC6ECBFF-E756-40D4-8D19-36843488B3C0}.Release|iPhoneSimulator.ActiveCfg = Release|Any CPU
		{BC6ECBFF-E756-40D4-8D19-36843488B3C0}.Release|iPhoneSimulator.Build.0 = Release|Any CPU
		{BC6ECBFF-E756-40D4-8D19-36843488B3C0}.Release|iPhoneSimulator.Deploy.0 = Release|Any CPU
	EndGlobalSection
	GlobalSection(SolutionProperties) = preSolution
		HideSolutionNode = FALSE
	EndGlobalSection
	GlobalSection(ExtensibilityGlobals) = postSolution
		SolutionGuid = {4D93CC6C-7DF2-46A4-B3B7-21D76C1B7CDE}
	EndGlobalSection
EndGlobal
